# THIS IS AN AUTOGENERATED FILE. DO NOT EDIT THIS FILE DIRECTLY.
# yarn lockfile v1


turbo-darwin-64@2.5.3:
  version "2.5.3"
  resolved "https://registry.yarnpkg.com/turbo-darwin-64/-/turbo-darwin-64-2.5.3.tgz#e1f19e816f76e0d636e31e66f8238c43bf870f45"
  integrity sha512-YSItEVBUIvAGPUDpAB9etEmSqZI3T6BHrkBkeSErvICXn3dfqXUfeLx35LfptLDEbrzFUdwYFNmt8QXOwe9yaw==

turbo-darwin-arm64@2.5.3:
  version "2.5.3"
  resolved "https://registry.yarnpkg.com/turbo-darwin-arm64/-/turbo-darwin-arm64-2.5.3.tgz#f80074fd786f703bcb0415e13df225ba781950fc"
  integrity sha512-5PefrwHd42UiZX7YA9m1LPW6x9YJBDErXmsegCkVp+GjmWrADfEOxpFrGQNonH3ZMj77WZB2PVE5Aw3gA+IOhg==

turbo-linux-64@2.5.3:
  version "2.5.3"
  resolved "https://registry.yarnpkg.com/turbo-linux-64/-/turbo-linux-64-2.5.3.tgz#93bfe009a24a76295c8164896845b5098c293293"
  integrity sha512-M9xigFgawn5ofTmRzvjjLj3Lqc05O8VHKuOlWNUlnHPUltFquyEeSkpQNkE/vpPdOR14AzxqHbhhxtfS4qvb1w==

turbo-linux-arm64@2.5.3:
  version "2.5.3"
  resolved "https://registry.yarnpkg.com/turbo-linux-arm64/-/turbo-linux-arm64-2.5.3.tgz#bf4664561094711aa289d92b9443de2aefca5d6e"
  integrity sha512-auJRbYZ8SGJVqvzTikpg1bsRAsiI9Tk0/SDkA5Xgg0GdiHDH/BOzv1ZjDE2mjmlrO/obr19Dw+39OlMhwLffrw==

turbo-windows-64@2.5.3:
  version "2.5.3"
  resolved "https://registry.yarnpkg.com/turbo-windows-64/-/turbo-windows-64-2.5.3.tgz#acbc2db093c7a74f0e692b899e649284285a2e7b"
  integrity sha512-arLQYohuHtIEKkmQSCU9vtrKUg+/1TTstWB9VYRSsz+khvg81eX6LYHtXJfH/dK7Ho6ck+JaEh5G+QrE1jEmCQ==

turbo-windows-arm64@2.5.3:
  version "2.5.3"
  resolved "https://registry.yarnpkg.com/turbo-windows-arm64/-/turbo-windows-arm64-2.5.3.tgz#78e8cfdb49b69fbadf03031532f1524be3661729"
  integrity sha512-3JPn66HAynJ0gtr6H+hjY4VHpu1RPKcEwGATvGUTmLmYSYBQieVlnGDRMMoYN066YfyPqnNGCfhYbXfH92Cm0g==

turbo@^2.5.3:
  version "2.5.3"
  resolved "https://registry.yarnpkg.com/turbo/-/turbo-2.5.3.tgz#657dcae430552d9bb237e9e1d91f711c465c9f28"
  integrity sha512-iHuaNcq5GZZnr3XDZNuu2LSyCzAOPwDuo5Qt+q64DfsTP1i3T2bKfxJhni2ZQxsvAoxRbuUK5QetJki4qc5aYA==
  optionalDependencies:
    turbo-darwin-64 "2.5.3"
    turbo-darwin-arm64 "2.5.3"
    turbo-linux-64 "2.5.3"
    turbo-linux-arm64 "2.5.3"
    turbo-windows-64 "2.5.3"
    turbo-windows-arm64 "2.5.3"
